
Microsoft Visual Studio Solution File, Format Version 12.00
# Visual Studio Version 16
VisualStudioVersion = 16.0.30907.101
MinimumVisualStudioVersion = 10.0.40219.1
Project("{8BC9CEB8-8B4A-11D0-8D11-00A0C91BC942}") = "play_again", "play_again\play_again.vcxproj", "{D65E8838-798A-4F20-93FC-E5CC56A1A14B}"
EndProject
Global
	GlobalSection(SolutionConfigurationPlatforms) = preSolution
		Debug|x64 = Debug|x64
		Debug|x86 = Debug|x86
		Release|x64 = Release|x64
		Release|x86 = Release|x86
	EndGlobalSection
	GlobalSection(ProjectConfigurationPlatforms) = postSolution
		{D65E8838-798A-4F20-93FC-E5CC56A1A14B}.Debug|x64.ActiveCfg = Debug|x64
		{D65E8838-798A-4F20-93FC-E5CC56A1A14B}.Debug|x64.Build.0 = Debug|x64
		{D65E8838-798A-4F20-93FC-E5CC56A1A14B}.Debug|x86.ActiveCfg = Debug|Win32
		{D65E8838-798A-4F20-93FC-E5CC56A1A14B}.Debug|x86.Build.0 = Debug|Win32
		{D65E8838-798A-4F20-93FC-E5CC56A1A14B}.Release|x64.ActiveCfg = Release|x64
		{D65E8838-798A-4F20-93FC-E5CC56A1A14B}.Release|x64.Build.0 = Release|x64
		{D65E8838-798A-4F20-93FC-E5CC56A1A14B}.Release|x86.ActiveCfg = Release|Win32
		{D65E8838-798A-4F20-93FC-E5CC56A1A14B}.Release|x86.Build.0 = Release|Win32
	EndGlobalSection
	GlobalSection(SolutionProperties) = preSolution
		HideSolutionNode = FALSE
	EndGlobalSection
	GlobalSection(ExtensibilityGlobals) = postSolution
		SolutionGuid = {920887B4-2ADE-4987-BB62-5F781C8E9850}
	EndGlobalSection
EndGlobal
